# This file was autogenerated by Stack.
# You should not edit this file by hand.
# For more information, please see the documentation at:
#   https://docs.haskellstack.org/en/stable/lock_files

packages:
- completed:
    hackage: vulkan-3.26.2@sha256:c7a94853a5db59978b4dba7a461f4503d0d6ed5647a46c42c77ba7d01bdb479e,33892
    pantry-tree:
      sha256: 76183a8a935a3cbe765e90e42aeb04c83fe2d50694ba18124036dc6364a99eb4
      size: 93324
  original:
    hackage: vulkan-3.26.2
snapshots:
- completed:
    sha256: 5a59b2a405b3aba3c00188453be172b85893cab8ebc352b1ef58b0eae5d248a2
    size: 650475
    url: https://raw.githubusercontent.com/commercialhaskell/stackage-snapshots/master/lts/20/26.yaml
  original: lts-20.26
