# This file was autogenerated by Stack.
# You should not edit this file by hand.
# For more information, please see the documentation at:
#   https://docs.haskellstack.org/en/stable/lock_files

packages:
- completed:
    hackage: language-spir-v-0.1.0.3@sha256:c07d92777e2b0e4ac9bd3ef0902e50c046d42edf1a1a98d17e78d039d60d1351,2079
    pantry-tree:
      sha256: 070eec1689892418ff45135d972b3464fc884e102bbbbbf43f99e934d77db5e8
      size: 650
  original:
    hackage: language-spir-v-0.1.0.3
- completed:
    hackage: shaderc-0.1.0.5@sha256:abd04455e790464abf492d2f679a50c11ba9d9fbde034279c7cb9615bd8e563a,2241
    pantry-tree:
      sha256: 21170a1c6843f2555cf2313c3d842ece6a330f007a7f7f78de709bc1578aa5e7
      size: 1402
  original:
    hackage: shaderc-0.1.0.5
- completed:
    hackage: storable-peek-poke-0.1.0.2@sha256:416da729ac76d53d39a744021a735ecc095b0d5f84b2ea235b54c457b9de619c,1894
    pantry-tree:
      sha256: 0555e099f1d73a41909967b47c0690f2f6a174a21d65a73b76a6220fab601bb8
      size: 466
  original:
    hackage: storable-peek-poke-0.1.0.2
- completed:
    hackage: typelevel-tools-yj-0.1.0.7@sha256:0b89bf7fb7da65e6f52f0fcc961a2713d7eaecba55a712aa214af243446b5f80,2287
    pantry-tree:
      sha256: a2de5d4ed57fb2a91fe7c00716c9594a1a52d5325b7d5a0c9394d52e1d075b49
      size: 1395
  original:
    hackage: typelevel-tools-yj-0.1.0.7
- completed:
    hackage: vulkan-3.26.2@sha256:c7a94853a5db59978b4dba7a461f4503d0d6ed5647a46c42c77ba7d01bdb479e,33892
    pantry-tree:
      sha256: 76183a8a935a3cbe765e90e42aeb04c83fe2d50694ba18124036dc6364a99eb4
      size: 93324
  original:
    hackage: vulkan-3.26.2
snapshots:
- completed:
    sha256: 5a59b2a405b3aba3c00188453be172b85893cab8ebc352b1ef58b0eae5d248a2
    size: 650475
    url: https://raw.githubusercontent.com/commercialhaskell/stackage-snapshots/master/lts/20/26.yaml
  original: lts-20.26
